
Microsoft Visual Studio Solution File, Format Version 12.00
# Visual Studio Version 17
VisualStudioVersion = 17.2.32630.192
MinimumVisualStudioVersion = 10.0.40219.1
Project("{FAE04EC0-301F-11D3-BF4B-00C04F79EFBC}") = "Client", "Client\Client.csproj", "{026DA3FB-D9A4-49EE-97B7-1751F981B14E}"
EndProject
Global
	GlobalSection(SolutionConfigurationPlatforms) = preSolution
		Debug|Any CPU = Debug|Any CPU
		Release|Any CPU = Release|Any CPU
	EndGlobalSection
	GlobalSection(ProjectConfigurationPlatforms) = postSolution
		{026DA3FB-D9A4-49EE-97B7-1751F981B14E}.Debug|Any CPU.ActiveCfg = Debug|Any CPU
		{026DA3FB-D9A4-49EE-97B7-1751F981B14E}.Debug|Any CPU.Build.0 = Debug|Any CPU
		{026DA3FB-D9A4-49EE-97B7-1751F981B14E}.Release|Any CPU.ActiveCfg = Release|Any CPU
		{026DA3FB-D9A4-49EE-97B7-1751F981B14E}.Release|Any CPU.Build.0 = Release|Any CPU
	EndGlobalSection
	GlobalSection(SolutionProperties) = preSolution
		HideSolutionNode = FALSE
	EndGlobalSection
	GlobalSection(ExtensibilityGlobals) = postSolution
		SolutionGuid = {E13CA650-7778-44C0-B26E-BA7C3AF77FA2}
	EndGlobalSection
EndGlobal
